
Microsoft Visual Studio Solution File, Format Version 12.00
# Visual Studio Version 17
VisualStudioVersion = 17.4.33110.190
MinimumVisualStudioVersion = 10.0.40219.1
Project("{FAE04EC0-301F-11D3-BF4B-00C04F79EFBC}") = "flightWebApplication1", "flightWebApplication1\flightWebApplication1.csproj", "{A58122C4-EB85-44AC-A1DF-ED17F4E95C44}"
EndProject
Global
	GlobalSection(SolutionConfigurationPlatforms) = preSolution
		Debug|Any CPU = Debug|Any CPU
		Release|Any CPU = Release|Any CPU
	EndGlobalSection
	GlobalSection(ProjectConfigurationPlatforms) = postSolution
		{A58122C4-EB85-44AC-A1DF-ED17F4E95C44}.Debug|Any CPU.ActiveCfg = Debug|Any CPU
		{A58122C4-EB85-44AC-A1DF-ED17F4E95C44}.Debug|Any CPU.Build.0 = Debug|Any CPU
		{A58122C4-EB85-44AC-A1DF-ED17F4E95C44}.Release|Any CPU.ActiveCfg = Release|Any CPU
		{A58122C4-EB85-44AC-A1DF-ED17F4E95C44}.Release|Any CPU.Build.0 = Release|Any CPU
	EndGlobalSection
	GlobalSection(SolutionProperties) = preSolution
		HideSolutionNode = FALSE
	EndGlobalSection
	GlobalSection(ExtensibilityGlobals) = postSolution
		SolutionGuid = {D8862AB9-F30F-4411-9365-E741AAFAA78F}
	EndGlobalSection
EndGlobal
